// !$*UTF8*$!
{
	archiveVersion = 1;
	classes = {
	};
	objectVersion = 77;
	objects = {

/* Begin PBXBuildFile section */
		0242C2442E7BBB3B0065FDEE /* Localizable.strings in Resources */ = {isa = PBXBuildFile; fileRef = 0242C2422E7BBB3B0065FDEE /* Localizable.strings */; };
		0242C2472E7BBF3C0065FDEE /* Localization.swift in Sources */ = {isa = PBXBuildFile; fileRef = 0242C2462E7BBF2C0065FDEE /* Localization.swift */; };
		027316B52E9ABCCE006DBCCD /* Auth in Frameworks */ = {isa = PBXBuildFile; productRef = 027316B42E9ABCCE006DBCCD /* Auth */; };
		027316B72E9ABCCE006DBCCD /* Functions in Frameworks */ = {isa = PBXBuildFile; productRef = 027316B62E9ABCCE006DBCCD /* Functions */; };
		027316B92E9ABCCE006DBCCD /* PostgREST in Frameworks */ = {isa = PBXBuildFile; productRef = 027316B82E9ABCCE006DBCCD /* PostgREST */; };
		027316BB2E9ABCCE006DBCCD /* Realtime in Frameworks */ = {isa = PBXBuildFile; productRef = 027316BA2E9ABCCE006DBCCD /* Realtime */; };
		027316BD2E9ABCCE006DBCCD /* Storage in Frameworks */ = {isa = PBXBuildFile; productRef = 027316BC2E9ABCCE006DBCCD /* Storage */; };
		027316BF2E9B448A006DBCCD /* Supabase in Frameworks */ = {isa = PBXBuildFile; productRef = 027316BE2E9B448A006DBCCD /* Supabase */; };
		02A6C2EA2E9778AC0008D63C /* Base.xcconfig in Resources */ = {isa = PBXBuildFile; fileRef = 02A6C2E92E9778AC0008D63C /* Base.xcconfig */; };
		02F2CE5F2E7FB2BB00B080A7 /* DateFormatters.swift in Sources */ = {isa = PBXBuildFile; fileRef = 02F2CE5E2E7FB2B100B080A7 /* DateFormatters.swift */; };
/* End PBXBuildFile section */

/* Begin PBXContainerItemProxy section */
		0242C2182E7BAB320065FDEE /* PBXContainerItemProxy */ = {
			isa = PBXContainerItemProxy;
			containerPortal = 0242C2022E7BAB300065FDEE /* Project object */;
			proxyType = 1;
			remoteGlobalIDString = 0242C2092E7BAB300065FDEE;
			remoteInfo = PollSNS;
		};
		0242C2222E7BAB320065FDEE /* PBXContainerItemProxy */ = {
			isa = PBXContainerItemProxy;
			containerPortal = 0242C2022E7BAB300065FDEE /* Project object */;
			proxyType = 1;
			remoteGlobalIDString = 0242C2092E7BAB300065FDEE;
			remoteInfo = PollSNS;
		};
/* End PBXContainerItemProxy section */

/* Begin PBXFileReference section */
		0242C20A2E7BAB300065FDEE /* PollSNS.app */ = {isa = PBXFileReference; explicitFileType = wrapper.application; includeInIndex = 0; path = PollSNS.app; sourceTree = BUILT_PRODUCTS_DIR; };
		0242C2172E7BAB320065FDEE /* PollSNSTests.xctest */ = {isa = PBXFileReference; explicitFileType = wrapper.cfbundle; includeInIndex = 0; path = PollSNSTests.xctest; sourceTree = BUILT_PRODUCTS_DIR; };
		0242C2212E7BAB320065FDEE /* PollSNSUITests.xctest */ = {isa = PBXFileReference; explicitFileType = wrapper.cfbundle; includeInIndex = 0; path = PollSNSUITests.xctest; sourceTree = BUILT_PRODUCTS_DIR; };
		0242C2342E7BB8D00065FDEE /* .gitkeep */ = {isa = PBXFileReference; lastKnownFileType = text; path = .gitkeep; sourceTree = "<group>"; };
		0242C2362E7BB8D00065FDEE /* .gitkeep */ = {isa = PBXFileReference; lastKnownFileType = text; path = .gitkeep; sourceTree = "<group>"; };
		0242C2382E7BB8D00065FDEE /* .gitkeep */ = {isa = PBXFileReference; lastKnownFileType = text; path = .gitkeep; sourceTree = "<group>"; };
		0242C23A2E7BB8D00065FDEE /* .gitkeep */ = {isa = PBXFileReference; lastKnownFileType = text; path = .gitkeep; sourceTree = "<group>"; };
		0242C2432E7BBB3B0065FDEE /* en */ = {isa = PBXFileReference; lastKnownFileType = text.plist.strings; name = en; path = en.lproj/Localizable.strings; sourceTree = "<group>"; };
		0242C2452E7BBDDE0065FDEE /* ja */ = {isa = PBXFileReference; lastKnownFileType = text.plist.strings; name = ja; path = ja.lproj/Localizable.strings; sourceTree = "<group>"; };
		0242C2462E7BBF2C0065FDEE /* Localization.swift */ = {isa = PBXFileReference; lastKnownFileType = sourcecode.swift; path = Localization.swift; sourceTree = "<group>"; };
		0242C2482E7BCC180065FDEE /* Secrets.xcconfig */ = {isa = PBXFileReference; lastKnownFileType = text.xcconfig; path = Secrets.xcconfig; sourceTree = "<group>"; };
		0242C24B2E7BDD0A0065FDEE /* Info.plist */ = {isa = PBXFileReference; lastKnownFileType = text.plist.xml; path = Info.plist; sourceTree = "<group>"; };
		02A6C2E92E9778AC0008D63C /* Base.xcconfig */ = {isa = PBXFileReference; lastKnownFileType = text.xcconfig; path = Base.xcconfig; sourceTree = "<group>"; };
		02F2CE5E2E7FB2B100B080A7 /* DateFormatters.swift */ = {isa = PBXFileReference; lastKnownFileType = sourcecode.swift; path = DateFormatters.swift; sourceTree = "<group>"; };
/* End PBXFileReference section */

/* Begin PBXFileSystemSynchronizedBuildFileExceptionSet section */
		0261FDE32E9C8A3200D59536 /* Exceptions for "Common" folder in "PollSNS" target */ = {
			isa = PBXFileSystemSynchronizedBuildFileExceptionSet;
			membershipExceptions = (
				AppNotifications.swift,
			);
			target = 0242C2092E7BAB300065FDEE /* PollSNS */;
		};
		02F2CE522E7E934D00B080A7 /* Exceptions for "Views" folder in "PollSNS" target */ = {
			isa = PBXFileSystemSynchronizedBuildFileExceptionSet;
			membershipExceptions = (
				NewPollView.swift,
				PollDetailView.swift,
				PollTimelineView.swift,
				Profile/MyPostsListView.swift,
				Profile/MyVotesListView.swift,
				Profile/ProfileEditView.swift,
				Profile/ProfileView.swift,
				Profile/SettingsSheet.swift,
				Report/ReportSheet.swift,
				RootTabView.swift,
				Shared/PollRow.swift,
			);
			target = 0242C2092E7BAB300065FDEE /* PollSNS */;
		};
		02F2CE542E7E940E00B080A7 /* Exceptions for "Models" folder in "PollSNS" target */ = {
			isa = PBXFileSystemSynchronizedBuildFileExceptionSet;
			membershipExceptions = (
				Poll.swift,
				PollOption.swift,
				ReportReason.swift,
				VoteResult.swift,
			);
			target = 0242C2092E7BAB300065FDEE /* PollSNS */;
		};
		02F2CE572E7E942F00B080A7 /* Exceptions for "API" folder in "PollSNS" target */ = {
			isa = PBXFileSystemSynchronizedBuildFileExceptionSet;
			membershipExceptions = (
				PollAPI.swift,
				SupabaseManager.swift,
			);
			target = 0242C2092E7BAB300065FDEE /* PollSNS */;
		};
		02F2CE592E7E94F100B080A7 /* Exceptions for "Config" folder in "PollSNS" target */ = {
			isa = PBXFileSystemSynchronizedBuildFileExceptionSet;
			membershipExceptions = (
				AppConfig.swift,
			);
			target = 0242C2092E7BAB300065FDEE /* PollSNS */;
		};
/* End PBXFileSystemSynchronizedBuildFileExceptionSet section */

/* Begin PBXFileSystemSynchronizedRootGroup section */
		0242C20C2E7BAB300065FDEE /* PollSNS */ = {
			isa = PBXFileSystemSynchronizedRootGroup;
			path = PollSNS;
			sourceTree = "<group>";
		};
		0242C21A2E7BAB320065FDEE /* PollSNSTests */ = {
			isa = PBXFileSystemSynchronizedRootGroup;
			path = PollSNSTests;
			sourceTree = "<group>";
		};
		02F2CE302E7C2E3600B080A7 /* Models */ = {
			isa = PBXFileSystemSynchronizedRootGroup;
			exceptions = (
				02F2CE542E7E940E00B080A7 /* Exceptions for "Models" folder in "PollSNS" target */,
			);
			path = Models;
			sourceTree = "<group>";
		};
		02F2CE332E7C2EF100B080A7 /* Config */ = {
			isa = PBXFileSystemSynchronizedRootGroup;
			exceptions = (
				02F2CE592E7E94F100B080A7 /* Exceptions for "Config" folder in "PollSNS" target */,
			);
			path = Config;
			sourceTree = "<group>";
		};
		02F2CE352E7C2FB600B080A7 /* API */ = {
			isa = PBXFileSystemSynchronizedRootGroup;
			exceptions = (
				02F2CE572E7E942F00B080A7 /* Exceptions for "API" folder in "PollSNS" target */,
			);
			path = API;
			sourceTree = "<group>";
		};
		02F2CE372E7C63D800B080A7 /* Views */ = {
			isa = PBXFileSystemSynchronizedRootGroup;
			exceptions = (
				02F2CE522E7E934D00B080A7 /* Exceptions for "Views" folder in "PollSNS" target */,
			);
			path = Views;
			sourceTree = "<group>";
		};
		02F2CE892E8CFD5900B080A7 /* Common */ = {
			isa = PBXFileSystemSynchronizedRootGroup;
			exceptions = (
				0261FDE32E9C8A3200D59536 /* Exceptions for "Common" folder in "PollSNS" target */,
			);
			path = Common;
			sourceTree = "<group>";
		};
/* End PBXFileSystemSynchronizedRootGroup section */

/* Begin PBXFrameworksBuildPhase section */
		0242C2072E7BAB300065FDEE /* Frameworks */ = {
			isa = PBXFrameworksBuildPhase;
			buildActionMask = 2147483647;
			files = (
				027316B92E9ABCCE006DBCCD /* PostgREST in Frameworks */,
				027316B72E9ABCCE006DBCCD /* Functions in Frameworks */,
				027316BF2E9B448A006DBCCD /* Supabase in Frameworks */,
				027316B52E9ABCCE006DBCCD /* Auth in Frameworks */,
				027316BD2E9ABCCE006DBCCD /* Storage in Frameworks */,
				027316BB2E9ABCCE006DBCCD /* Realtime in Frameworks */,
			);
			runOnlyForDeploymentPostprocessing = 0;
		};
		0242C2142E7BAB320065FDEE /* Frameworks */ = {
			isa = PBXFrameworksBuildPhase;
			buildActionMask = 2147483647;
			files = (
			);
			runOnlyForDeploymentPostprocessing = 0;
		};
		0242C21E2E7BAB320065FDEE /* Frameworks */ = {
			isa = PBXFrameworksBuildPhase;
			buildActionMask = 2147483647;
			files = (
			);
			runOnlyForDeploymentPostprocessing = 0;
		};
/* End PBXFrameworksBuildPhase section */

/* Begin PBXGroup section */
		0242C2012E7BAB300065FDEE = {
			isa = PBXGroup;
			children = (
				0242C24B2E7BDD0A0065FDEE /* Info.plist */,
				0242C2352E7BB8D00065FDEE /* Config */,
				0242C2372E7BB8D00065FDEE /* Resources */,
				0242C2392E7BB8D00065FDEE /* Sources */,
				0242C23B2E7BB8D00065FDEE /* Utils */,
				0242C20C2E7BAB300065FDEE /* PollSNS */,
				0242C21A2E7BAB320065FDEE /* PollSNSTests */,
				0242C20B2E7BAB300065FDEE /* Products */,
				02A6C2E92E9778AC0008D63C /* Base.xcconfig */,
			);
			sourceTree = "<group>";
		};
		0242C20B2E7BAB300065FDEE /* Products */ = {
			isa = PBXGroup;
			children = (
				0242C20A2E7BAB300065FDEE /* PollSNS.app */,
				0242C2172E7BAB320065FDEE /* PollSNSTests.xctest */,
				0242C2212E7BAB320065FDEE /* PollSNSUITests.xctest */,
			);
			name = Products;
			sourceTree = "<group>";
		};
		0242C2352E7BB8D00065FDEE /* Config */ = {
			isa = PBXGroup;
			children = (
				0242C2342E7BB8D00065FDEE /* .gitkeep */,
				0242C2482E7BCC180065FDEE /* Secrets.xcconfig */,
			);
			path = Config;
			sourceTree = "<group>";
		};
		0242C2372E7BB8D00065FDEE /* Resources */ = {
			isa = PBXGroup;
			children = (
				0242C2362E7BB8D00065FDEE /* .gitkeep */,
				0242C2422E7BBB3B0065FDEE /* Localizable.strings */,
			);
			path = Resources;
			sourceTree = "<group>";
		};
		0242C2392E7BB8D00065FDEE /* Sources */ = {
			isa = PBXGroup;
			children = (
				02F2CE892E8CFD5900B080A7 /* Common */,
				02F2CE372E7C63D800B080A7 /* Views */,
				02F2CE352E7C2FB600B080A7 /* API */,
				02F2CE332E7C2EF100B080A7 /* Config */,
				02F2CE302E7C2E3600B080A7 /* Models */,
				0242C2382E7BB8D00065FDEE /* .gitkeep */,
			);
			path = Sources;
			sourceTree = "<group>";
		};
		0242C23B2E7BB8D00065FDEE /* Utils */ = {
			isa = PBXGroup;
			children = (
				02F2CE5E2E7FB2B100B080A7 /* DateFormatters.swift */,
				0242C2462E7BBF2C0065FDEE /* Localization.swift */,
				0242C23A2E7BB8D00065FDEE /* .gitkeep */,
			);
			path = Utils;
			sourceTree = "<group>";
		};
/* End PBXGroup section */

/* Begin PBXNativeTarget section */
		0242C2092E7BAB300065FDEE /* PollSNS */ = {
			isa = PBXNativeTarget;
			buildConfigurationList = 0242C22B2E7BAB320065FDEE /* Build configuration list for PBXNativeTarget "PollSNS" */;
			buildPhases = (
				0242C2062E7BAB300065FDEE /* Sources */,
				0242C2072E7BAB300065FDEE /* Frameworks */,
				0242C2082E7BAB300065FDEE /* Resources */,
			);
			buildRules = (
			);
			dependencies = (
			);
			fileSystemSynchronizedGroups = (
				0242C20C2E7BAB300065FDEE /* PollSNS */,
			);
			name = PollSNS;
			packageProductDependencies = (
				027316B42E9ABCCE006DBCCD /* Auth */,
				027316B62E9ABCCE006DBCCD /* Functions */,
				027316B82E9ABCCE006DBCCD /* PostgREST */,
				027316BA2E9ABCCE006DBCCD /* Realtime */,
				027316BC2E9ABCCE006DBCCD /* Storage */,
				027316BE2E9B448A006DBCCD /* Supabase */,
			);
			productName = PollSNS;
			productReference = 0242C20A2E7BAB300065FDEE /* PollSNS.app */;
			productType = "com.apple.product-type.application";
		};
		0242C2162E7BAB320065FDEE /* PollSNSTests */ = {
			isa = PBXNativeTarget;
			buildConfigurationList = 0242C22E2E7BAB320065FDEE /* Build configuration list for PBXNativeTarget "PollSNSTests" */;
			buildPhases = (
				0242C2132E7BAB320065FDEE /* Sources */,
				0242C2142E7BAB320065FDEE /* Frameworks */,
				0242C2152E7BAB320065FDEE /* Resources */,
			);
			buildRules = (
			);
			dependencies = (
				0242C2192E7BAB320065FDEE /* PBXTargetDependency */,
			);
			fileSystemSynchronizedGroups = (
				0242C21A2E7BAB320065FDEE /* PollSNSTests */,
			);
			name = PollSNSTests;
			packageProductDependencies = (
			);
			productName = PollSNSTests;
			productReference = 0242C2172E7BAB320065FDEE /* PollSNSTests.xctest */;
			productType = "com.apple.product-type.bundle.unit-test";
		};
		0242C2202E7BAB320065FDEE /* PollSNSUITests */ = {
			isa = PBXNativeTarget;
			buildConfigurationList = 0242C2312E7BAB320065FDEE /* Build configuration list for PBXNativeTarget "PollSNSUITests" */;
			buildPhases = (
				0242C21D2E7BAB320065FDEE /* Sources */,
				0242C21E2E7BAB320065FDEE /* Frameworks */,
				0242C21F2E7BAB320065FDEE /* Resources */,
			);
			buildRules = (
			);
			dependencies = (
				0242C2232E7BAB320065FDEE /* PBXTargetDependency */,
			);
			name = PollSNSUITests;
			packageProductDependencies = (
			);
			productName = PollSNSUITests;
			productReference = 0242C2212E7BAB320065FDEE /* PollSNSUITests.xctest */;
			productType = "com.apple.product-type.bundle.ui-testing";
		};
/* End PBXNativeTarget section */

/* Begin PBXProject section */
		0242C2022E7BAB300065FDEE /* Project object */ = {
			isa = PBXProject;
			attributes = {
				BuildIndependentTargetsInParallel = 1;
				LastSwiftUpdateCheck = 1640;
				LastUpgradeCheck = 2600;
				TargetAttributes = {
					0242C2092E7BAB300065FDEE = {
						CreatedOnToolsVersion = 16.4;
					};
					0242C2162E7BAB320065FDEE = {
						CreatedOnToolsVersion = 16.4;
						TestTargetID = 0242C2092E7BAB300065FDEE;
					};
					0242C2202E7BAB320065FDEE = {
						CreatedOnToolsVersion = 16.4;
						TestTargetID = 0242C2092E7BAB300065FDEE;
					};
				};
			};
			buildConfigurationList = 0242C2052E7BAB300065FDEE /* Build configuration list for PBXProject "PollSNS" */;
			developmentRegion = ja;
			hasScannedForEncodings = 0;
			knownRegions = (
				en,
				Base,
				ja,
			);
			mainGroup = 0242C2012E7BAB300065FDEE;
			minimizedProjectReferenceProxies = 1;
			packageReferences = (
				027316B32E9ABCCE006DBCCD /* XCRemoteSwiftPackageReference "supabase-swift" */,
			);
			preferredProjectObjectVersion = 77;
			productRefGroup = 0242C20B2E7BAB300065FDEE /* Products */;
			projectDirPath = "";
			projectRoot = "";
			targets = (
				0242C2092E7BAB300065FDEE /* PollSNS */,
				0242C2162E7BAB320065FDEE /* PollSNSTests */,
				0242C2202E7BAB320065FDEE /* PollSNSUITests */,
			);
		};
/* End PBXProject section */

/* Begin PBXResourcesBuildPhase section */
		0242C2082E7BAB300065FDEE /* Resources */ = {
			isa = PBXResourcesBuildPhase;
			buildActionMask = 2147483647;
			files = (
				0242C2442E7BBB3B0065FDEE /* Localizable.strings in Resources */,
				02A6C2EA2E9778AC0008D63C /* Base.xcconfig in Resources */,
			);
			runOnlyForDeploymentPostprocessing = 0;
		};
		0242C2152E7BAB320065FDEE /* Resources */ = {
			isa = PBXResourcesBuildPhase;
			buildActionMask = 2147483647;
			files = (
			);
			runOnlyForDeploymentPostprocessing = 0;
		};
		0242C21F2E7BAB320065FDEE /* Resources */ = {
			isa = PBXResourcesBuildPhase;
			buildActionMask = 2147483647;
			files = (
			);
			runOnlyForDeploymentPostprocessing = 0;
		};
/* End PBXResourcesBuildPhase section */

/* Begin PBXSourcesBuildPhase section */
		0242C2062E7BAB300065FDEE /* Sources */ = {
			isa = PBXSourcesBuildPhase;
			buildActionMask = 2147483647;
			files = (
				02F2CE5F2E7FB2BB00B080A7 /* DateFormatters.swift in Sources */,
				0242C2472E7BBF3C0065FDEE /* Localization.swift in Sources */,
			);
			runOnlyForDeploymentPostprocessing = 0;
		};
		0242C2132E7BAB320065FDEE /* Sources */ = {
			isa = PBXSourcesBuildPhase;
			buildActionMask = 2147483647;
			files = (
			);
			runOnlyForDeploymentPostprocessing = 0;
		};
		0242C21D2E7BAB320065FDEE /* Sources */ = {
			isa = PBXSourcesBuildPhase;
			buildActionMask = 2147483647;
			files = (
			);
			runOnlyForDeploymentPostprocessing = 0;
		};
/* End PBXSourcesBuildPhase section */

/* Begin PBXTargetDependency section */
		0242C2192E7BAB320065FDEE /* PBXTargetDependency */ = {
			isa = PBXTargetDependency;
			target = 0242C2092E7BAB300065FDEE /* PollSNS */;
			targetProxy = 0242C2182E7BAB320065FDEE /* PBXContainerItemProxy */;
		};
		0242C2232E7BAB320065FDEE /* PBXTargetDependency */ = {
			isa = PBXTargetDependency;
			target = 0242C2092E7BAB300065FDEE /* PollSNS */;
			targetProxy = 0242C2222E7BAB320065FDEE /* PBXContainerItemProxy */;
		};
/* End PBXTargetDependency section */

/* Begin PBXVariantGroup section */
		0242C2422E7BBB3B0065FDEE /* Localizable.strings */ = {
			isa = PBXVariantGroup;
			children = (
				0242C2432E7BBB3B0065FDEE /* en */,
				0242C2452E7BBDDE0065FDEE /* ja */,
			);
			name = Localizable.strings;
			sourceTree = "<group>";
		};
/* End PBXVariantGroup section */

/* Begin XCBuildConfiguration section */
		0242C2292E7BAB320065FDEE /* Debug */ = {
			isa = XCBuildConfiguration;
			baseConfigurationReference = 0242C2482E7BCC180065FDEE /* Secrets.xcconfig */;
			buildSettings = {
				ALWAYS_SEARCH_USER_PATHS = NO;
				ASSETCATALOG_COMPILER_GENERATE_SWIFT_ASSET_SYMBOL_EXTENSIONS = YES;
				CLANG_ANALYZER_LOCALIZABILITY_NONLOCALIZED = YES;
				CLANG_ANALYZER_NONNULL = YES;
				CLANG_ANALYZER_NUMBER_OBJECT_CONVERSION = YES_AGGRESSIVE;
				CLANG_CXX_LANGUAGE_STANDARD = "gnu++20";
				CLANG_ENABLE_MODULES = YES;
				CLANG_ENABLE_OBJC_ARC = YES;
				CLANG_ENABLE_OBJC_WEAK = YES;
				CLANG_WARN_BLOCK_CAPTURE_AUTORELEASING = YES;
				CLANG_WARN_BOOL_CONVERSION = YES;
				CLANG_WARN_COMMA = YES;
				CLANG_WARN_CONSTANT_CONVERSION = YES;
				CLANG_WARN_DEPRECATED_OBJC_IMPLEMENTATIONS = YES;
				CLANG_WARN_DIRECT_OBJC_ISA_USAGE = YES_ERROR;
				CLANG_WARN_DOCUMENTATION_COMMENTS = YES;
				CLANG_WARN_EMPTY_BODY = YES;
				CLANG_WARN_ENUM_CONVERSION = YES;
				CLANG_WARN_INFINITE_RECURSION = YES;
				CLANG_WARN_INT_CONVERSION = YES;
				CLANG_WARN_NON_LITERAL_NULL_CONVERSION = YES;
				CLANG_WARN_OBJC_IMPLICIT_RETAIN_SELF = YES;
				CLANG_WARN_OBJC_LITERAL_CONVERSION = YES;
				CLANG_WARN_OBJC_ROOT_CLASS = YES_ERROR;
				CLANG_WARN_QUOTED_INCLUDE_IN_FRAMEWORK_HEADER = YES;
				CLANG_WARN_RANGE_LOOP_ANALYSIS = YES;
				CLANG_WARN_STRICT_PROTOTYPES = YES;
				CLANG_WARN_SUSPICIOUS_MOVE = YES;
				CLANG_WARN_UNGUARDED_AVAILABILITY = YES_AGGRESSIVE;
				CLANG_WARN_UNREACHABLE_CODE = YES;
				CLANG_WARN__DUPLICATE_METHOD_MATCH = YES;
				COPY_PHASE_STRIP = NO;
				DEBUG_INFORMATION_FORMAT = dwarf;
				DEVELOPMENT_TEAM = 2HNQAJKUD5;
				ENABLE_STRICT_OBJC_MSGSEND = YES;
				ENABLE_TESTABILITY = YES;
				ENABLE_USER_SCRIPT_SANDBOXING = YES;
				GCC_C_LANGUAGE_STANDARD = gnu17;
				GCC_DYNAMIC_NO_PIC = NO;
				GCC_NO_COMMON_BLOCKS = YES;
				GCC_OPTIMIZATION_LEVEL = 0;
				GCC_PREPROCESSOR_DEFINITIONS = (
					"DEBUG=1",
					"$(inherited)",
				);
				GCC_WARN_64_TO_32_BIT_CONVERSION = YES;
				GCC_WARN_ABOUT_RETURN_TYPE = YES_ERROR;
				GCC_WARN_UNDECLARED_SELECTOR = YES;
				GCC_WARN_UNINITIALIZED_AUTOS = YES_AGGRESSIVE;
				GCC_WARN_UNUSED_FUNCTION = YES;
				GCC_WARN_UNUSED_VARIABLE = YES;
				IPHONEOS_DEPLOYMENT_TARGET = 18.5;
				LOCALIZATION_PREFERS_STRING_CATALOGS = YES;
				MTL_ENABLE_DEBUG_INFO = INCLUDE_SOURCE;
				MTL_FAST_MATH = YES;
				ONLY_ACTIVE_ARCH = YES;
				REPORT_TOKEN = "my-super-secret-5839204716";
				SDKROOT = iphoneos;
				STRING_CATALOG_GENERATE_SYMBOLS = YES;
				SWIFT_ACTIVE_COMPILATION_CONDITIONS = "DEBUG $(inherited)";
				SWIFT_OPTIMIZATION_LEVEL = "-Onone";
			};
			name = Debug;
		};
		0242C22A2E7BAB320065FDEE /* Release */ = {
			isa = XCBuildConfiguration;
			baseConfigurationReference = 0242C2482E7BCC180065FDEE /* Secrets.xcconfig */;
			buildSettings = {
				ALWAYS_SEARCH_USER_PATHS = NO;
				ASSETCATALOG_COMPILER_GENERATE_SWIFT_ASSET_SYMBOL_EXTENSIONS = YES;
				CLANG_ANALYZER_LOCALIZABILITY_NONLOCALIZED = YES;
				CLANG_ANALYZER_NONNULL = YES;
				CLANG_ANALYZER_NUMBER_OBJECT_CONVERSION = YES_AGGRESSIVE;
				CLANG_CXX_LANGUAGE_STANDARD = "gnu++20";
				CLANG_ENABLE_MODULES = YES;
				CLANG_ENABLE_OBJC_ARC = YES;
				CLANG_ENABLE_OBJC_WEAK = YES;
				CLANG_WARN_BLOCK_CAPTURE_AUTORELEASING = YES;
				CLANG_WARN_BOOL_CONVERSION = YES;
				CLANG_WARN_COMMA = YES;
				CLANG_WARN_CONSTANT_CONVERSION = YES;
				CLANG_WARN_DEPRECATED_OBJC_IMPLEMENTATIONS = YES;
				CLANG_WARN_DIRECT_OBJC_ISA_USAGE = YES_ERROR;
				CLANG_WARN_DOCUMENTATION_COMMENTS = YES;
				CLANG_WARN_EMPTY_BODY = YES;
				CLANG_WARN_ENUM_CONVERSION = YES;
				CLANG_WARN_INFINITE_RECURSION = YES;
				CLANG_WARN_INT_CONVERSION = YES;
				CLANG_WARN_NON_LITERAL_NULL_CONVERSION = YES;
				CLANG_WARN_OBJC_IMPLICIT_RETAIN_SELF = YES;
				CLANG_WARN_OBJC_LITERAL_CONVERSION = YES;
				CLANG_WARN_OBJC_ROOT_CLASS = YES_ERROR;
				CLANG_WARN_QUOTED_INCLUDE_IN_FRAMEWORK_HEADER = YES;
				CLANG_WARN_RANGE_LOOP_ANALYSIS = YES;
				CLANG_WARN_STRICT_PROTOTYPES = YES;
				CLANG_WARN_SUSPICIOUS_MOVE = YES;
				CLANG_WARN_UNGUARDED_AVAILABILITY = YES_AGGRESSIVE;
				CLANG_WARN_UNREACHABLE_CODE = YES;
				CLANG_WARN__DUPLICATE_METHOD_MATCH = YES;
				COPY_PHASE_STRIP = NO;
				DEBUG_INFORMATION_FORMAT = "dwarf-with-dsym";
				DEVELOPMENT_TEAM = 2HNQAJKUD5;
				ENABLE_NS_ASSERTIONS = NO;
				ENABLE_STRICT_OBJC_MSGSEND = YES;
				ENABLE_USER_SCRIPT_SANDBOXING = YES;
				GCC_C_LANGUAGE_STANDARD = gnu17;
				GCC_NO_COMMON_BLOCKS = YES;
				GCC_WARN_64_TO_32_BIT_CONVERSION = YES;
				GCC_WARN_ABOUT_RETURN_TYPE = YES_ERROR;
				GCC_WARN_UNDECLARED_SELECTOR = YES;
				GCC_WARN_UNINITIALIZED_AUTOS = YES_AGGRESSIVE;
				GCC_WARN_UNUSED_FUNCTION = YES;
				GCC_WARN_UNUSED_VARIABLE = YES;
				IPHONEOS_DEPLOYMENT_TARGET = 18.5;
				LOCALIZATION_PREFERS_STRING_CATALOGS = YES;
				MTL_ENABLE_DEBUG_INFO = NO;
				MTL_FAST_MATH = YES;
				REPORT_TOKEN = "my-super-secret-5839204716";
				SDKROOT = iphoneos;
				STRING_CATALOG_GENERATE_SYMBOLS = YES;
				SWIFT_COMPILATION_MODE = wholemodule;
				VALIDATE_PRODUCT = YES;
			};
			name = Release;
		};
		0242C22C2E7BAB320065FDEE /* Debug */ = {
			isa = XCBuildConfiguration;
			buildSettings = {
				ASSETCATALOG_COMPILER_APPICON_NAME = AppIcon;
				ASSETCATALOG_COMPILER_GLOBAL_ACCENT_COLOR_NAME = AccentColor;
				CODE_SIGN_STYLE = Automatic;
				CURRENT_PROJECT_VERSION = 1;
				DEVELOPMENT_TEAM = 2HNQAJKUD5;
				ENABLE_PREVIEWS = YES;
				GENERATE_INFOPLIST_FILE = YES;
				INFOPLIST_FILE = "$(SRCROOT)/Info.plist";
				INFOPLIST_KEY_CFBundleDisplayName = "みんなの投票";
				INFOPLIST_KEY_LSApplicationCategoryType = "public.app-category.social-networking";
				INFOPLIST_KEY_UIApplicationSceneManifest_Generation = YES;
				INFOPLIST_KEY_UIApplicationSupportsIndirectInputEvents = YES;
				INFOPLIST_KEY_UILaunchScreen_Generation = YES;
				INFOPLIST_KEY_UISupportedInterfaceOrientations = UIInterfaceOrientationPortrait;
				INFOPLIST_KEY_UISupportedInterfaceOrientations_iPad = "UIInterfaceOrientationLandscapeLeft UIInterfaceOrientationLandscapeRight UIInterfaceOrientationPortrait UIInterfaceOrientationPortraitUpsideDown";
				IPHONEOS_DEPLOYMENT_TARGET = 16.6;
				LD_RUNPATH_SEARCH_PATHS = (
					"$(inherited)",
					"@executable_path/Frameworks",
				);
				MARKETING_VERSION = 1.0;
				PRODUCT_BUNDLE_IDENTIFIER = com.yuki.PollSNS;
				PRODUCT_NAME = "$(TARGET_NAME)";
				SWIFT_EMIT_LOC_STRINGS = YES;
				SWIFT_VERSION = 5.0;
				TARGETED_DEVICE_FAMILY = "1,2";
			};
			name = Debug;
		};
		0242C22D2E7BAB320065FDEE /* Release */ = {
			isa = XCBuildConfiguration;
			buildSettings = {
				ASSETCATALOG_COMPILER_APPICON_NAME = AppIcon;
				ASSETCATALOG_COMPILER_GLOBAL_ACCENT_COLOR_NAME = AccentColor;
				CODE_SIGN_STYLE = Automatic;
				CURRENT_PROJECT_VERSION = 1;
				DEVELOPMENT_TEAM = 2HNQAJKUD5;
				ENABLE_PREVIEWS = YES;
				GENERATE_INFOPLIST_FILE = YES;
				INFOPLIST_FILE = "$(SRCROOT)/Info.plist";
				INFOPLIST_KEY_CFBundleDisplayName = "みんなの投票";
				INFOPLIST_KEY_LSApplicationCategoryType = "public.app-category.social-networking";
				INFOPLIST_KEY_UIApplicationSceneManifest_Generation = YES;
				INFOPLIST_KEY_UIApplicationSupportsIndirectInputEvents = YES;
				INFOPLIST_KEY_UILaunchScreen_Generation = YES;
				INFOPLIST_KEY_UISupportedInterfaceOrientations = UIInterfaceOrientationPortrait;
				INFOPLIST_KEY_UISupportedInterfaceOrientations_iPad = "UIInterfaceOrientationLandscapeLeft UIInterfaceOrientationLandscapeRight UIInterfaceOrientationPortrait UIInterfaceOrientationPortraitUpsideDown";
				IPHONEOS_DEPLOYMENT_TARGET = 16.6;
				LD_RUNPATH_SEARCH_PATHS = (
					"$(inherited)",
					"@executable_path/Frameworks",
				);
				MARKETING_VERSION = 1.0;
				PRODUCT_BUNDLE_IDENTIFIER = com.yuki.PollSNS;
				PRODUCT_NAME = "$(TARGET_NAME)";
				SWIFT_EMIT_LOC_STRINGS = YES;
				SWIFT_VERSION = 5.0;
				TARGETED_DEVICE_FAMILY = "1,2";
			};
			name = Release;
		};
		0242C22F2E7BAB320065FDEE /* Debug */ = {
			isa = XCBuildConfiguration;
			buildSettings = {
				BUNDLE_LOADER = "$(TEST_HOST)";
				CODE_SIGN_STYLE = Automatic;
				CURRENT_PROJECT_VERSION = 1;
				DEVELOPMENT_TEAM = 2HNQAJKUD5;
				GENERATE_INFOPLIST_FILE = YES;
				IPHONEOS_DEPLOYMENT_TARGET = 18.5;
				MARKETING_VERSION = 1.0;
				PRODUCT_BUNDLE_IDENTIFIER = com.yuki.PollSNSTests;
				PRODUCT_NAME = "$(TARGET_NAME)";
				SWIFT_EMIT_LOC_STRINGS = NO;
				SWIFT_VERSION = 5.0;
				TARGETED_DEVICE_FAMILY = "1,2";
				TEST_HOST = "$(BUILT_PRODUCTS_DIR)/PollSNS.app/$(BUNDLE_EXECUTABLE_FOLDER_PATH)/PollSNS";
			};
			name = Debug;
		};
		0242C2302E7BAB320065FDEE /* Release */ = {
			isa = XCBuildConfiguration;
			buildSettings = {
				BUNDLE_LOADER = "$(TEST_HOST)";
				CODE_SIGN_STYLE = Automatic;
				CURRENT_PROJECT_VERSION = 1;
				DEVELOPMENT_TEAM = 2HNQAJKUD5;
				GENERATE_INFOPLIST_FILE = YES;
				IPHONEOS_DEPLOYMENT_TARGET = 18.5;
				MARKETING_VERSION = 1.0;
				PRODUCT_BUNDLE_IDENTIFIER = com.yuki.PollSNSTests;
				PRODUCT_NAME = "$(TARGET_NAME)";
				SWIFT_EMIT_LOC_STRINGS = NO;
				SWIFT_VERSION = 5.0;
				TARGETED_DEVICE_FAMILY = "1,2";
				TEST_HOST = "$(BUILT_PRODUCTS_DIR)/PollSNS.app/$(BUNDLE_EXECUTABLE_FOLDER_PATH)/PollSNS";
			};
			name = Release;
		};
		0242C2322E7BAB320065FDEE /* Debug */ = {
			isa = XCBuildConfiguration;
			buildSettings = {
				CODE_SIGN_STYLE = Automatic;
				CURRENT_PROJECT_VERSION = 1;
				DEVELOPMENT_TEAM = 2HNQAJKUD5;
				GENERATE_INFOPLIST_FILE = YES;
				MARKETING_VERSION = 1.0;
				PRODUCT_BUNDLE_IDENTIFIER = com.yuki.PollSNSUITests;
				PRODUCT_NAME = "$(TARGET_NAME)";
				SWIFT_EMIT_LOC_STRINGS = NO;
				SWIFT_VERSION = 5.0;
				TARGETED_DEVICE_FAMILY = "1,2";
				TEST_TARGET_NAME = PollSNS;
			};
			name = Debug;
		};
		0242C2332E7BAB320065FDEE /* Release */ = {
			isa = XCBuildConfiguration;
			buildSettings = {
				CODE_SIGN_STYLE = Automatic;
				CURRENT_PROJECT_VERSION = 1;
				DEVELOPMENT_TEAM = 2HNQAJKUD5;
				GENERATE_INFOPLIST_FILE = YES;
				MARKETING_VERSION = 1.0;
				PRODUCT_BUNDLE_IDENTIFIER = com.yuki.PollSNSUITests;
				PRODUCT_NAME = "$(TARGET_NAME)";
				SWIFT_EMIT_LOC_STRINGS = NO;
				SWIFT_VERSION = 5.0;
				TARGETED_DEVICE_FAMILY = "1,2";
				TEST_TARGET_NAME = PollSNS;
			};
			name = Release;
		};
/* End XCBuildConfiguration section */

/* Begin XCConfigurationList section */
		0242C2052E7BAB300065FDEE /* Build configuration list for PBXProject "PollSNS" */ = {
			isa = XCConfigurationList;
			buildConfigurations = (
				0242C2292E7BAB320065FDEE /* Debug */,
				0242C22A2E7BAB320065FDEE /* Release */,
			);
			defaultConfigurationIsVisible = 0;
			defaultConfigurationName = Release;
		};
		0242C22B2E7BAB320065FDEE /* Build configuration list for PBXNativeTarget "PollSNS" */ = {
			isa = XCConfigurationList;
			buildConfigurations = (
				0242C22C2E7BAB320065FDEE /* Debug */,
				0242C22D2E7BAB320065FDEE /* Release */,
			);
			defaultConfigurationIsVisible = 0;
			defaultConfigurationName = Release;
		};
		0242C22E2E7BAB320065FDEE /* Build configuration list for PBXNativeTarget "PollSNSTests" */ = {
			isa = XCConfigurationList;
			buildConfigurations = (
				0242C22F2E7BAB320065FDEE /* Debug */,
				0242C2302E7BAB320065FDEE /* Release */,
			);
			defaultConfigurationIsVisible = 0;
			defaultConfigurationName = Release;
		};
		0242C2312E7BAB320065FDEE /* Build configuration list for PBXNativeTarget "PollSNSUITests" */ = {
			isa = XCConfigurationList;
			buildConfigurations = (
				0242C2322E7BAB320065FDEE /* Debug */,
				0242C2332E7BAB320065FDEE /* Release */,
			);
			defaultConfigurationIsVisible = 0;
			defaultConfigurationName = Release;
		};
/* End XCConfigurationList section */

/* Begin XCRemoteSwiftPackageReference section */
		027316B32E9ABCCE006DBCCD /* XCRemoteSwiftPackageReference "supabase-swift" */ = {
			isa = XCRemoteSwiftPackageReference;
			repositoryURL = "https://github.com/supabase-community/supabase-swift.git";
			requirement = {
				kind = upToNextMajorVersion;
				minimumVersion = 2.5.1;
			};
		};
/* End XCRemoteSwiftPackageReference section */

/* Begin XCSwiftPackageProductDependency section */
		027316B42E9ABCCE006DBCCD /* Auth */ = {
			isa = XCSwiftPackageProductDependency;
			package = 027316B32E9ABCCE006DBCCD /* XCRemoteSwiftPackageReference "supabase-swift" */;
			productName = Auth;
		};
		027316B62E9ABCCE006DBCCD /* Functions */ = {
			isa = XCSwiftPackageProductDependency;
			package = 027316B32E9ABCCE006DBCCD /* XCRemoteSwiftPackageReference "supabase-swift" */;
			productName = Functions;
		};
		027316B82E9ABCCE006DBCCD /* PostgREST */ = {
			isa = XCSwiftPackageProductDependency;
			package = 027316B32E9ABCCE006DBCCD /* XCRemoteSwiftPackageReference "supabase-swift" */;
			productName = PostgREST;
		};
		027316BA2E9ABCCE006DBCCD /* Realtime */ = {
			isa = XCSwiftPackageProductDependency;
			package = 027316B32E9ABCCE006DBCCD /* XCRemoteSwiftPackageReference "supabase-swift" */;
			productName = Realtime;
		};
		027316BC2E9ABCCE006DBCCD /* Storage */ = {
			isa = XCSwiftPackageProductDependency;
			package = 027316B32E9ABCCE006DBCCD /* XCRemoteSwiftPackageReference "supabase-swift" */;
			productName = Storage;
		};
		027316BE2E9B448A006DBCCD /* Supabase */ = {
			isa = XCSwiftPackageProductDependency;
			productName = Supabase;
		};
/* End XCSwiftPackageProductDependency section */
	};
	rootObject = 0242C2022E7BAB300065FDEE /* Project object */;
}
